// !$*UTF8*$!
{
	archiveVersion = 1;
	classes = {
	};
	objectVersion = 50;
	objects = {

/* Begin PBXBuildFile section */
		3525D11C23FB708200CF3ACD /* AppDelegate.swift in Sources */ = {isa = PBXBuildFile; fileRef = 3525D11B23FB708200CF3ACD /* AppDelegate.swift */; };
		3525D11E23FB708200CF3ACD /* SceneDelegate.swift in Sources */ = {isa = PBXBuildFile; fileRef = 3525D11D23FB708200CF3ACD /* SceneDelegate.swift */; };
		3525D12023FB708200CF3ACD /* ViewController.swift in Sources */ = {isa = PBXBuildFile; fileRef = 3525D11F23FB708200CF3ACD /* ViewController.swift */; };
		3525D12323FB708200CF3ACD /* Main.storyboard in Resources */ = {isa = PBXBuildFile; fileRef = 3525D12123FB708200CF3ACD /* Main.storyboard */; };
		3525D12523FB708D00CF3ACD /* Assets.xcassets in Resources */ = {isa = PBXBuildFile; fileRef = 3525D12423FB708D00CF3ACD /* Assets.xcassets */; };
		3525D12823FB708D00CF3ACD /* LaunchScreen.storyboard in Resources */ = {isa = PBXBuildFile; fileRef = 3525D12623FB708D00CF3ACD /* LaunchScreen.storyboard */; };
/* End PBXBuildFile section */

/* Begin PBXFileReference section */
		3525D11823FB708200CF3ACD /* farmer2.0.app */ = {isa = PBXFileReference; explicitFileType = wrapper.application; includeInIndex = 0; path = farmer2.0.app; sourceTree = BUILT_PRODUCTS_DIR; };
		3525D11B23FB708200CF3ACD /* AppDelegate.swift */ = {isa = PBXFileReference; lastKnownFileType = sourcecode.swift; path = AppDelegate.swift; sourceTree = "<group>"; };
		3525D11D23FB708200CF3ACD /* SceneDelegate.swift */ = {isa = PBXFileReference; lastKnownFileType = sourcecode.swift; path = SceneDelegate.swift; sourceTree = "<group>"; };
		3525D11F23FB708200CF3ACD /* ViewController.swift */ = {isa = PBXFileReference; lastKnownFileType = sourcecode.swift; path = ViewController.swift; sourceTree = "<group>"; };
		3525D12223FB708200CF3ACD /* Base */ = {isa = PBXFileReference; lastKnownFileType = file.storyboard; name = Base; path = Base.lproj/Main.storyboard; sourceTree = "<group>"; };
		3525D12423FB708D00CF3ACD /* Assets.xcassets */ = {isa = PBXFileReference; lastKnownFileType = folder.assetcatalog; path = Assets.xcassets; sourceTree = "<group>"; };
		3525D12723FB708D00CF3ACD /* Base */ = {isa = PBXFileReference; lastKnownFileType = file.storyboard; name = Base; path = Base.lproj/LaunchScreen.storyboard; sourceTree = "<group>"; };
		3525D12923FB708D00CF3ACD /* Info.plist */ = {isa = PBXFileReference; lastKnownFileType = text.plist.xml; path = Info.plist; sourceTree = "<group>"; };
/* End PBXFileReference section */

/* Begin PBXFrameworksBuildPhase section */
		3525D11523FB708200CF3ACD /* Frameworks */ = {
			isa = PBXFrameworksBuildPhase;
			buildActionMask = 2147483647;
			files = (
			);
			runOnlyForDeploymentPostprocessing = 0;
		};
/* End PBXFrameworksBuildPhase section */

/* Begin PBXGroup section */
		3525D10F23FB708200CF3ACD = {
			isa = PBXGroup;
			children = (
				3525D11A23FB708200CF3ACD /* farmer2.0 */,
				3525D11923FB708200CF3ACD /* Products */,
			);
			sourceTree = "<group>";
		};
		3525D11923FB708200CF3ACD /* Products */ = {
			isa = PBXGroup;
			children = (
				3525D11823FB708200CF3ACD /* farmer2.0.app */,
			);
			name = Products;
			sourceTree = "<group>";
		};
		3525D11A23FB708200CF3ACD /* farmer2.0 */ = {
			isa = PBXGroup;
			children = (
				3525D11B23FB708200CF3ACD /* AppDelegate.swift */,
				3525D11D23FB708200CF3ACD /* SceneDelegate.swift */,
				3525D11F23FB708200CF3ACD /* ViewController.swift */,
				3525D12123FB708200CF3ACD /* Main.storyboard */,
				3525D12423FB708D00CF3ACD /* Assets.xcassets */,
				3525D12623FB708D00CF3ACD /* LaunchScreen.storyboard */,
				3525D12923FB708D00CF3ACD /* Info.plist */,
			);
			path = farmer2.0;
			sourceTree = "<group>";
		};
/* End PBXGroup section */

/* Begin PBXNativeTarget section */
		3525D11723FB708200CF3ACD /* farmer2.0 */ = {
			isa = PBXNativeTarget;
			buildConfigurationList = 3525D12C23FB708D00CF3ACD /* Build configuration list for PBXNativeTarget "farmer2.0" */;
			buildPhases = (
				3525D11423FB708200CF3ACD /* Sources */,
				3525D11523FB708200CF3ACD /* Frameworks */,
				3525D11623FB708200CF3ACD /* Resources */,
			);
			buildRules = (
			);
			dependencies = (
			);
			name = farmer2.0;
			productName = farmer2.0;
			productReference = 3525D11823FB708200CF3ACD /* farmer2.0.app */;
			productType = "com.apple.product-type.application";
		};
/* End PBXNativeTarget section */

/* Begin PBXProject section */
		3525D11023FB708200CF3ACD /* Project object */ = {
			isa = PBXProject;
			attributes = {
				LastSwiftUpdateCheck = 1130;
				LastUpgradeCheck = 1130;
				ORGANIZATIONNAME = Srihita;
				TargetAttributes = {
					3525D11723FB708200CF3ACD = {
						CreatedOnToolsVersion = 11.3;
					};
				};
			};
			buildConfigurationList = 3525D11323FB708200CF3ACD /* Build configuration list for PBXProject "farmer2.0" */;
			compatibilityVersion = "Xcode 9.3";
			developmentRegion = en;
			hasScannedForEncodings = 0;
			knownRegions = (
				en,
				Base,
			);
			mainGroup = 3525D10F23FB708200CF3ACD;
			productRefGroup = 3525D11923FB708200CF3ACD /* Products */;
			projectDirPath = "";
			projectRoot = "";
			targets = (
				3525D11723FB708200CF3ACD /* farmer2.0 */,
			);
		};
/* End PBXProject section */

/* Begin PBXResourcesBuildPhase section */
		3525D11623FB708200CF3ACD /* Resources */ = {
			isa = PBXResourcesBuildPhase;
			buildActionMask = 2147483647;
			files = (
				3525D12823FB708D00CF3ACD /* LaunchScreen.storyboard in Resources */,
				3525D12523FB708D00CF3ACD /* Assets.xcassets in Resources */,
				3525D12323FB708200CF3ACD /* Main.storyboard in Resources */,
			);
			runOnlyForDeploymentPostprocessing = 0;
		};
/* End PBXResourcesBuildPhase section */

/* Begin PBXSourcesBuildPhase section */
		3525D11423FB708200CF3ACD /* Sources */ = {
			isa = PBXSourcesBuildPhase;
			buildActionMask = 2147483647;
			files = (
				3525D12023FB708200CF3ACD /* ViewController.swift in Sources */,
				3525D11C23FB708200CF3ACD /* AppDelegate.swift in Sources */,
				3525D11E23FB708200CF3ACD /* SceneDelegate.swift in Sources */,
			);
			runOnlyForDeploymentPostprocessing = 0;
		};
/* End PBXSourcesBuildPhase section */

/* Begin PBXVariantGroup section */
		3525D12123FB708200CF3ACD /* Main.storyboard */ = {
			isa = PBXVariantGroup;
			children = (
				3525D12223FB708200CF3ACD /* Base */,
			);
			name = Main.storyboard;
			sourceTree = "<group>";
		};
		3525D12623FB708D00CF3ACD /* LaunchScreen.storyboard */ = {
			isa = PBXVariantGroup;
			children = (
				3525D12723FB708D00CF3ACD /* Base */,
			);
			name = LaunchScreen.storyboard;
			sourceTree = "<group>";
		};
/* End PBXVariantGroup section */

/* Begin XCBuildConfiguration section */
		3525D12A23FB708D00CF3ACD /* Debug */ = {
			isa = XCBuildConfiguration;
			buildSettings = {
				ALWAYS_SEARCH_USER_PATHS = NO;
				CLANG_ANALYZER_NONNULL = YES;
				CLANG_ANALYZER_NUMBER_OBJECT_CONVERSION = YES_AGGRESSIVE;
				CLANG_CXX_LANGUAGE_STANDARD = "gnu++14";
				CLANG_CXX_LIBRARY = "libc++";
				CLANG_ENABLE_MODULES = YES;
				CLANG_ENABLE_OBJC_ARC = YES;
				CLANG_ENABLE_OBJC_WEAK = YES;
				CLANG_WARN_BLOCK_CAPTURE_AUTORELEASING = YES;
				CLANG_WARN_BOOL_CONVERSION = YES;
				CLANG_WARN_COMMA = YES;
				CLANG_WARN_CONSTANT_CONVERSION = YES;
				CLANG_WARN_DEPRECATED_OBJC_IMPLEMENTATIONS = YES;
				CLANG_WARN_DIRECT_OBJC_ISA_USAGE = YES_ERROR;
				CLANG_WARN_DOCUMENTATION_COMMENTS = YES;
				CLANG_WARN_EMPTY_BODY = YES;
				CLANG_WARN_ENUM_CONVERSION = YES;
				CLANG_WARN_INFINITE_RECURSION = YES;
				CLANG_WARN_INT_CONVERSION = YES;
				CLANG_WARN_NON_LITERAL_NULL_CONVERSION = YES;
				CLANG_WARN_OBJC_IMPLICIT_RETAIN_SELF = YES;
				CLANG_WARN_OBJC_LITERAL_CONVERSION = YES;
				CLANG_WARN_OBJC_ROOT_CLASS = YES_ERROR;
				CLANG_WARN_RANGE_LOOP_ANALYSIS = YES;
				CLANG_WARN_STRICT_PROTOTYPES = YES;
				CLANG_WARN_SUSPICIOUS_MOVE = YES;
				CLANG_WARN_UNGUARDED_AVAILABILITY = YES_AGGRESSIVE;
				CLANG_WARN_UNREACHABLE_CODE = YES;
				CLANG_WARN__DUPLICATE_METHOD_MATCH = YES;
				COPY_PHASE_STRIP = NO;
				DEBUG_INFORMATION_FORMAT = dwarf;
				ENABLE_STRICT_OBJC_MSGSEND = YES;
				ENABLE_TESTABILITY = YES;
				GCC_C_LANGUAGE_STANDARD = gnu11;
				GCC_DYNAMIC_NO_PIC = NO;
				GCC_NO_COMMON_BLOCKS = YES;
				GCC_OPTIMIZATION_LEVEL = 0;
				GCC_PREPROCESSOR_DEFINITIONS = (
					"DEBUG=1",
					"$(inherited)",
				);
				GCC_WARN_64_TO_32_BIT_CONVERSION = YES;
				GCC_WARN_ABOUT_RETURN_TYPE = YES_ERROR;
				GCC_WARN_UNDECLARED_SELECTOR = YES;
				GCC_WARN_UNINITIALIZED_AUTOS = YES_AGGRESSIVE;
				GCC_WARN_UNUSED_FUNCTION = YES;
				GCC_WARN_UNUSED_VARIABLE = YES;
				IPHONEOS_DEPLOYMENT_TARGET = 13.2;
				MTL_ENABLE_DEBUG_INFO = INCLUDE_SOURCE;
				MTL_FAST_MATH = YES;
				ONLY_ACTIVE_ARCH = YES;
				SDKROOT = iphoneos;
				SWIFT_ACTIVE_COMPILATION_CONDITIONS = DEBUG;
				SWIFT_OPTIMIZATION_LEVEL = "-Onone";
			};
			name = Debug;
		};
		3525D12B23FB708D00CF3ACD /* Release */ = {
			isa = XCBuildConfiguration;
			buildSettings = {
				ALWAYS_SEARCH_USER_PATHS = NO;
				CLANG_ANALYZER_NONNULL = YES;
				CLANG_ANALYZER_NUMBER_OBJECT_CONVERSION = YES_AGGRESSIVE;
				CLANG_CXX_LANGUAGE_STANDARD = "gnu++14";
				CLANG_CXX_LIBRARY = "libc++";
				CLANG_ENABLE_MODULES = YES;
				CLANG_ENABLE_OBJC_ARC = YES;
				CLANG_ENABLE_OBJC_WEAK = YES;
				CLANG_WARN_BLOCK_CAPTURE_AUTORELEASING = YES;
				CLANG_WARN_BOOL_CONVERSION = YES;
				CLANG_WARN_COMMA = YES;
				CLANG_WARN_CONSTANT_CONVERSION = YES;
				CLANG_WARN_DEPRECATED_OBJC_IMPLEMENTATIONS = YES;
				CLANG_WARN_DIRECT_OBJC_ISA_USAGE = YES_ERROR;
				CLANG_WARN_DOCUMENTATION_COMMENTS = YES;
				CLANG_WARN_EMPTY_BODY = YES;
				CLANG_WARN_ENUM_CONVERSION = YES;
				CLANG_WARN_INFINITE_RECURSION = YES;
				CLANG_WARN_INT_CONVERSION = YES;
				CLANG_WARN_NON_LITERAL_NULL_CONVERSION = YES;
				CLANG_WARN_OBJC_IMPLICIT_RETAIN_SELF = YES;
				CLANG_WARN_OBJC_LITERAL_CONVERSION = YES;
				CLANG_WARN_OBJC_ROOT_CLASS = YES_ERROR;
				CLANG_WARN_RANGE_LOOP_ANALYSIS = YES;
				CLANG_WARN_STRICT_PROTOTYPES = YES;
				CLANG_WARN_SUSPICIOUS_MOVE = YES;
				CLANG_WARN_UNGUARDED_AVAILABILITY = YES_AGGRESSIVE;
				CLANG_WARN_UNREACHABLE_CODE = YES;
				CLANG_WARN__DUPLICATE_METHOD_MATCH = YES;
				COPY_PHASE_STRIP = NO;
				DEBUG_INFORMATION_FORMAT = "dwarf-with-dsym";
				ENABLE_NS_ASSERTIONS = NO;
				ENABLE_STRICT_OBJC_MSGSEND = YES;
				GCC_C_LANGUAGE_STANDARD = gnu11;
				GCC_NO_COMMON_BLOCKS = YES;
				GCC_WARN_64_TO_32_BIT_CONVERSION = YES;
				GCC_WARN_ABOUT_RETURN_TYPE = YES_ERROR;
				GCC_WARN_UNDECLARED_SELECTOR = YES;
				GCC_WARN_UNINITIALIZED_AUTOS = YES_AGGRESSIVE;
				GCC_WARN_UNUSED_FUNCTION = YES;
				GCC_WARN_UNUSED_VARIABLE = YES;
				IPHONEOS_DEPLOYMENT_TARGET = 13.2;
				MTL_ENABLE_DEBUG_INFO = NO;
				MTL_FAST_MATH = YES;
				SDKROOT = iphoneos;
				SWIFT_COMPILATION_MODE = wholemodule;
				SWIFT_OPTIMIZATION_LEVEL = "-O";
				VALIDATE_PRODUCT = YES;
			};
			name = Release;
		};
		3525D12D23FB708D00CF3ACD /* Debug */ = {
			isa = XCBuildConfiguration;
			buildSettings = {
				ASSETCATALOG_COMPILER_APPICON_NAME = AppIcon;
				CODE_SIGN_STYLE = Automatic;
				INFOPLIST_FILE = farmer2.0/Info.plist;
				LD_RUNPATH_SEARCH_PATHS = (
					"$(inherited)",
					"@executable_path/Frameworks",
				);
				PRODUCT_BUNDLE_IDENTIFIER = "com.srihita.farmer2-0";
				PRODUCT_NAME = "$(TARGET_NAME)";
				SWIFT_VERSION = 5.0;
				TARGETED_DEVICE_FAMILY = "1,2";
			};
			name = Debug;
		};
		3525D12E23FB708D00CF3ACD /* Release */ = {
			isa = XCBuildConfiguration;
			buildSettings = {
				ASSETCATALOG_COMPILER_APPICON_NAME = AppIcon;
				CODE_SIGN_STYLE = Automatic;
				INFOPLIST_FILE = farmer2.0/Info.plist;
				LD_RUNPATH_SEARCH_PATHS = (
					"$(inherited)",
					"@executable_path/Frameworks",
				);
				PRODUCT_BUNDLE_IDENTIFIER = "com.srihita.farmer2-0";
				PRODUCT_NAME = "$(TARGET_NAME)";
				SWIFT_VERSION = 5.0;
				TARGETED_DEVICE_FAMILY = "1,2";
			};
			name = Release;
		};
/* End XCBuildConfiguration section */

/* Begin XCConfigurationList section */
		3525D11323FB708200CF3ACD /* Build configuration list for PBXProject "farmer2.0" */ = {
			isa = XCConfigurationList;
			buildConfigurations = (
				3525D12A23FB708D00CF3ACD /* Debug */,
				3525D12B23FB708D00CF3ACD /* Release */,
			);
			defaultConfigurationIsVisible = 0;
			defaultConfigurationName = Release;
		};
		3525D12C23FB708D00CF3ACD /* Build configuration list for PBXNativeTarget "farmer2.0" */ = {
			isa = XCConfigurationList;
			buildConfigurations = (
				3525D12D23FB708D00CF3ACD /* Debug */,
				3525D12E23FB708D00CF3ACD /* Release */,
			);
			defaultConfigurationIsVisible = 0;
			defaultConfigurationName = Release;
		};
/* End XCConfigurationList section */
	};
	rootObject = 3525D11023FB708200CF3ACD /* Project object */;
}
